
Microsoft Visual Studio Solution File, Format Version 12.00
# Visual Studio 2013
VisualStudioVersion = 12.0.31101.0
MinimumVisualStudioVersion = 10.0.40219.1
Project("{FAE04EC0-301F-11D3-BF4B-00C04F79EFBC}") = "ArcEngineTest", "ArcEngineTest\ArcEngineTest.csproj", "{D093565B-40CE-4AC2-A4B0-C7889DFA09CD}"
EndProject
Project("{FAE04EC0-301F-11D3-BF4B-00C04F79EFBC}") = "ArcEngineWpfDemo", "ArcEngineWpfDemo\ArcEngineWpfDemo.csproj", "{F0F8BFA3-7C2F-4D65-A778-2901CFDD6771}"
EndProject
Project("{FAE04EC0-301F-11D3-BF4B-00C04F79EFBC}") = "FluentRibbonWpfDemo", "FluentRibbonWpfDemo\FluentRibbonWpfDemo.csproj", "{F14C1C33-B50A-4DEB-B55B-FE5071879408}"
EndProject
Global
	GlobalSection(SolutionConfigurationPlatforms) = preSolution
		Debug|Any CPU = Debug|Any CPU
		Release|Any CPU = Release|Any CPU
	EndGlobalSection
	GlobalSection(ProjectConfigurationPlatforms) = postSolution
		{D093565B-40CE-4AC2-A4B0-C7889DFA09CD}.Debug|Any CPU.ActiveCfg = Debug|Any CPU
		{D093565B-40CE-4AC2-A4B0-C7889DFA09CD}.Debug|Any CPU.Build.0 = Debug|Any CPU
		{D093565B-40CE-4AC2-A4B0-C7889DFA09CD}.Release|Any CPU.ActiveCfg = Release|Any CPU
		{D093565B-40CE-4AC2-A4B0-C7889DFA09CD}.Release|Any CPU.Build.0 = Release|Any CPU
		{F0F8BFA3-7C2F-4D65-A778-2901CFDD6771}.Debug|Any CPU.ActiveCfg = Debug|Any CPU
		{F0F8BFA3-7C2F-4D65-A778-2901CFDD6771}.Debug|Any CPU.Build.0 = Debug|Any CPU
		{F0F8BFA3-7C2F-4D65-A778-2901CFDD6771}.Release|Any CPU.ActiveCfg = Release|Any CPU
		{F0F8BFA3-7C2F-4D65-A778-2901CFDD6771}.Release|Any CPU.Build.0 = Release|Any CPU
		{F14C1C33-B50A-4DEB-B55B-FE5071879408}.Debug|Any CPU.ActiveCfg = Debug|Any CPU
		{F14C1C33-B50A-4DEB-B55B-FE5071879408}.Debug|Any CPU.Build.0 = Debug|Any CPU
		{F14C1C33-B50A-4DEB-B55B-FE5071879408}.Release|Any CPU.ActiveCfg = Release|Any CPU
		{F14C1C33-B50A-4DEB-B55B-FE5071879408}.Release|Any CPU.Build.0 = Release|Any CPU
	EndGlobalSection
	GlobalSection(SolutionProperties) = preSolution
		HideSolutionNode = FALSE
	EndGlobalSection
EndGlobal
