
Microsoft Visual Studio Solution File, Format Version 12.00
# Visual Studio 2013
VisualStudioVersion = 12.0.31101.0
MinimumVisualStudioVersion = 10.0.40219.1
Project("{FAE04EC0-301F-11D3-BF4B-00C04F79EFBC}") = "ArcEngineTest", "ArcEngineTest\ArcEngineTest.csproj", "{D093565B-40CE-4AC2-A4B0-C7889DFA09CD}"
EndProject
Project("{FAE04EC0-301F-11D3-BF4B-00C04F79EFBC}") = "ArcEngineWpfDemo", "ArcEngineWpfDemo\ArcEngineWpfDemo.csproj", "{F0F8BFA3-7C2F-4D65-A778-2901CFDD6771}"
EndProject
Project("{FAE04EC0-301F-11D3-BF4B-00C04F79EFBC}") = "FluentRibbonWpfDemo", "FluentRibbonWpfDemo\FluentRibbonWpfDemo.csproj", "{F14C1C33-B50A-4DEB-B55B-FE5071879408}"
EndProject
Project("{FAE04EC0-301F-11D3-BF4B-00C04F79EFBC}") = "MVVMTest", "MVVMTest\MVVMTest.csproj", "{43BD89F4-8D0D-488C-B299-FE9DDEB2D648}"
EndProject
Project("{FAE04EC0-301F-11D3-BF4B-00C04F79EFBC}") = "GUI", "GUI\GUI.csproj", "{508D1E2D-DEE2-4FEC-B217-738FDE255789}"
EndProject
Project("{FAE04EC0-301F-11D3-BF4B-00C04F79EFBC}") = "Resource", "Resource\Resource.csproj", "{37CAB479-26F7-48AC-AF63-8B27746F43BD}"
EndProject
Project("{FAE04EC0-301F-11D3-BF4B-00C04F79EFBC}") = "CreateDatabase", "CreateDatabase\CreateDatabase\CreateDatabase.csproj", "{81757E9E-D113-4663-AD7F-2DD9551F1839}"
EndProject
Global
	GlobalSection(SolutionConfigurationPlatforms) = preSolution
		Debug|Any CPU = Debug|Any CPU
		Debug|x86 = Debug|x86
		Release|Any CPU = Release|Any CPU
		Release|x86 = Release|x86
	EndGlobalSection
	GlobalSection(ProjectConfigurationPlatforms) = postSolution
		{D093565B-40CE-4AC2-A4B0-C7889DFA09CD}.Debug|Any CPU.ActiveCfg = Debug|Any CPU
		{D093565B-40CE-4AC2-A4B0-C7889DFA09CD}.Debug|Any CPU.Build.0 = Debug|Any CPU
		{D093565B-40CE-4AC2-A4B0-C7889DFA09CD}.Debug|x86.ActiveCfg = Debug|x86
		{D093565B-40CE-4AC2-A4B0-C7889DFA09CD}.Debug|x86.Build.0 = Debug|x86
		{D093565B-40CE-4AC2-A4B0-C7889DFA09CD}.Release|Any CPU.ActiveCfg = Release|Any CPU
		{D093565B-40CE-4AC2-A4B0-C7889DFA09CD}.Release|Any CPU.Build.0 = Release|Any CPU
		{D093565B-40CE-4AC2-A4B0-C7889DFA09CD}.Release|x86.ActiveCfg = Release|x86
		{D093565B-40CE-4AC2-A4B0-C7889DFA09CD}.Release|x86.Build.0 = Release|x86
		{F0F8BFA3-7C2F-4D65-A778-2901CFDD6771}.Debug|Any CPU.ActiveCfg = Debug|Any CPU
		{F0F8BFA3-7C2F-4D65-A778-2901CFDD6771}.Debug|Any CPU.Build.0 = Debug|Any CPU
		{F0F8BFA3-7C2F-4D65-A778-2901CFDD6771}.Debug|x86.ActiveCfg = Debug|x86
		{F0F8BFA3-7C2F-4D65-A778-2901CFDD6771}.Debug|x86.Build.0 = Debug|x86
		{F0F8BFA3-7C2F-4D65-A778-2901CFDD6771}.Release|Any CPU.ActiveCfg = Release|Any CPU
		{F0F8BFA3-7C2F-4D65-A778-2901CFDD6771}.Release|Any CPU.Build.0 = Release|Any CPU
		{F0F8BFA3-7C2F-4D65-A778-2901CFDD6771}.Release|x86.ActiveCfg = Release|x86
		{F0F8BFA3-7C2F-4D65-A778-2901CFDD6771}.Release|x86.Build.0 = Release|x86
		{F14C1C33-B50A-4DEB-B55B-FE5071879408}.Debug|Any CPU.ActiveCfg = Debug|Any CPU
		{F14C1C33-B50A-4DEB-B55B-FE5071879408}.Debug|Any CPU.Build.0 = Debug|Any CPU
		{F14C1C33-B50A-4DEB-B55B-FE5071879408}.Debug|x86.ActiveCfg = Debug|x86
		{F14C1C33-B50A-4DEB-B55B-FE5071879408}.Debug|x86.Build.0 = Debug|x86
		{F14C1C33-B50A-4DEB-B55B-FE5071879408}.Release|Any CPU.ActiveCfg = Release|Any CPU
		{F14C1C33-B50A-4DEB-B55B-FE5071879408}.Release|Any CPU.Build.0 = Release|Any CPU
		{F14C1C33-B50A-4DEB-B55B-FE5071879408}.Release|x86.ActiveCfg = Release|x86
		{F14C1C33-B50A-4DEB-B55B-FE5071879408}.Release|x86.Build.0 = Release|x86
		{43BD89F4-8D0D-488C-B299-FE9DDEB2D648}.Debug|Any CPU.ActiveCfg = Debug|Any CPU
		{43BD89F4-8D0D-488C-B299-FE9DDEB2D648}.Debug|Any CPU.Build.0 = Debug|Any CPU
		{43BD89F4-8D0D-488C-B299-FE9DDEB2D648}.Debug|x86.ActiveCfg = Debug|x86
		{43BD89F4-8D0D-488C-B299-FE9DDEB2D648}.Debug|x86.Build.0 = Debug|x86
		{43BD89F4-8D0D-488C-B299-FE9DDEB2D648}.Release|Any CPU.ActiveCfg = Release|Any CPU
		{43BD89F4-8D0D-488C-B299-FE9DDEB2D648}.Release|Any CPU.Build.0 = Release|Any CPU
		{43BD89F4-8D0D-488C-B299-FE9DDEB2D648}.Release|x86.ActiveCfg = Release|x86
		{43BD89F4-8D0D-488C-B299-FE9DDEB2D648}.Release|x86.Build.0 = Release|x86
		{508D1E2D-DEE2-4FEC-B217-738FDE255789}.Debug|Any CPU.ActiveCfg = Debug|Any CPU
		{508D1E2D-DEE2-4FEC-B217-738FDE255789}.Debug|Any CPU.Build.0 = Debug|Any CPU
		{508D1E2D-DEE2-4FEC-B217-738FDE255789}.Debug|x86.ActiveCfg = Debug|x86
		{508D1E2D-DEE2-4FEC-B217-738FDE255789}.Debug|x86.Build.0 = Debug|x86
		{508D1E2D-DEE2-4FEC-B217-738FDE255789}.Release|Any CPU.ActiveCfg = Release|Any CPU
		{508D1E2D-DEE2-4FEC-B217-738FDE255789}.Release|Any CPU.Build.0 = Release|Any CPU
		{508D1E2D-DEE2-4FEC-B217-738FDE255789}.Release|x86.ActiveCfg = Release|x86
		{508D1E2D-DEE2-4FEC-B217-738FDE255789}.Release|x86.Build.0 = Release|x86
		{37CAB479-26F7-48AC-AF63-8B27746F43BD}.Debug|Any CPU.ActiveCfg = Debug|Any CPU
		{37CAB479-26F7-48AC-AF63-8B27746F43BD}.Debug|Any CPU.Build.0 = Debug|Any CPU
		{37CAB479-26F7-48AC-AF63-8B27746F43BD}.Debug|x86.ActiveCfg = Debug|x86
		{37CAB479-26F7-48AC-AF63-8B27746F43BD}.Debug|x86.Build.0 = Debug|x86
		{37CAB479-26F7-48AC-AF63-8B27746F43BD}.Release|Any CPU.ActiveCfg = Release|Any CPU
		{37CAB479-26F7-48AC-AF63-8B27746F43BD}.Release|Any CPU.Build.0 = Release|Any CPU
		{37CAB479-26F7-48AC-AF63-8B27746F43BD}.Release|x86.ActiveCfg = Release|x86
		{37CAB479-26F7-48AC-AF63-8B27746F43BD}.Release|x86.Build.0 = Release|x86
		{81757E9E-D113-4663-AD7F-2DD9551F1839}.Debug|Any CPU.ActiveCfg = Debug|Any CPU
		{81757E9E-D113-4663-AD7F-2DD9551F1839}.Debug|Any CPU.Build.0 = Debug|Any CPU
		{81757E9E-D113-4663-AD7F-2DD9551F1839}.Debug|x86.ActiveCfg = Debug|x86
		{81757E9E-D113-4663-AD7F-2DD9551F1839}.Debug|x86.Build.0 = Debug|x86
		{81757E9E-D113-4663-AD7F-2DD9551F1839}.Release|Any CPU.ActiveCfg = Release|Any CPU
		{81757E9E-D113-4663-AD7F-2DD9551F1839}.Release|Any CPU.Build.0 = Release|Any CPU
		{81757E9E-D113-4663-AD7F-2DD9551F1839}.Release|x86.ActiveCfg = Release|x86
		{81757E9E-D113-4663-AD7F-2DD9551F1839}.Release|x86.Build.0 = Release|x86
	EndGlobalSection
	GlobalSection(SolutionProperties) = preSolution
		HideSolutionNode = FALSE
	EndGlobalSection
EndGlobal
